
Microsoft Visual Studio Solution File, Format Version 12.00
# Visual Studio 15
VisualStudioVersion = 15.0.26430.6
MinimumVisualStudioVersion = 10.0.40219.1
Project("{2150E333-8FDC-42A3-9474-1A3956D46DE8}") = "BoardGameTest", "BoardGameTest", "{444A723E-C303-468B-A0AB-E5BC95D0196B}"
	ProjectSection(SolutionItems) = preProject
		..\..\..\..\Downloads\SoftwareEngineering\SoftwareEngineering\src\BoardGame\Board.java = ..\..\..\..\Downloads\SoftwareEngineering\SoftwareEngineering\src\BoardGame\Board.java
		..\..\..\..\Downloads\SoftwareEngineering\SoftwareEngineering\src\BoardGame\BoardTest.java = ..\..\..\..\Downloads\SoftwareEngineering\SoftwareEngineering\src\BoardGame\BoardTest.java
		..\..\..\..\Downloads\SoftwareEngineering\SoftwareEngineering\src\BoardGame\InvalidPositionException.java = ..\..\..\..\Downloads\SoftwareEngineering\SoftwareEngineering\src\BoardGame\InvalidPositionException.java
	EndProjectSection
EndProject
Global
	GlobalSection(SolutionProperties) = preSolution
		HideSolutionNode = FALSE
	EndGlobalSection
EndGlobal
